
Microsoft Visual Studio Solution File, Format Version 12.00
# Visual Studio 15
VisualStudioVersion = 15.0.26730.16
MinimumVisualStudioVersion = 10.0.40219.1
Project("{888888A0-9F3D-457C-B088-3A5042F75D52}") = "WhereAreMyRedditPosts", "WhereAreMyRedditPosts.pyproj", "{EA650125-2C32-49C6-8EF2-EA75D1FB421F}"
EndProject
Global
	GlobalSection(SolutionConfigurationPlatforms) = preSolution
		Debug|Any CPU = Debug|Any CPU
		Release|Any CPU = Release|Any CPU
	EndGlobalSection
	GlobalSection(ProjectConfigurationPlatforms) = postSolution
		{EA650125-2C32-49C6-8EF2-EA75D1FB421F}.Debug|Any CPU.ActiveCfg = Debug|Any CPU
		{EA650125-2C32-49C6-8EF2-EA75D1FB421F}.Release|Any CPU.ActiveCfg = Release|Any CPU
	EndGlobalSection
	GlobalSection(SolutionProperties) = preSolution
		HideSolutionNode = FALSE
	EndGlobalSection
	GlobalSection(ExtensibilityGlobals) = postSolution
		SolutionGuid = {3CD7F0D0-DE54-4A3D-A68A-57D0ED7DCFC2}
	EndGlobalSection
EndGlobal
